
Microsoft Visual Studio Solution File, Format Version 12.00
# Visual Studio Version 16
VisualStudioVersion = 16.0.810.7
MinimumVisualStudioVersion = 10.0.40219.1
Project("{9A19103F-16F7-4668-BE54-9A1E7A4F7556}") = "ConsoleApp", "windesrace-v2\ConsoleApp.csproj", "{8431D2B2-5EBC-41E8-A885-D0C63D793FCA}"
EndProject
Project("{9A19103F-16F7-4668-BE54-9A1E7A4F7556}") = "Model", "Model\Model.csproj", "{EB144A26-AE9D-4CA8-965D-00380B6FC18A}"
EndProject
Project("{9A19103F-16F7-4668-BE54-9A1E7A4F7556}") = "Controller", "Controller\Controller.csproj", "{500027D3-58FC-4B10-ACB7-74C43BD84675}"
EndProject
Project("{9A19103F-16F7-4668-BE54-9A1E7A4F7556}") = "ControllerTest", "ControllerTest\ControllerTest.csproj", "{A5BD5C8C-CF06-4D0E-B270-F440AE776357}"
EndProject
Project("{9A19103F-16F7-4668-BE54-9A1E7A4F7556}") = "ConsoleVisualisationTest", "VisualisationTest\ConsoleVisualisationTest.csproj", "{27D3394F-26B4-4515-AC38-AACC0AE2E9EB}"
EndProject
Global
	GlobalSection(SolutionConfigurationPlatforms) = preSolution
		Debug|Any CPU = Debug|Any CPU
		Release|Any CPU = Release|Any CPU
	EndGlobalSection
	GlobalSection(ProjectConfigurationPlatforms) = postSolution
		{8431D2B2-5EBC-41E8-A885-D0C63D793FCA}.Debug|Any CPU.ActiveCfg = Debug|Any CPU
		{8431D2B2-5EBC-41E8-A885-D0C63D793FCA}.Debug|Any CPU.Build.0 = Debug|Any CPU
		{8431D2B2-5EBC-41E8-A885-D0C63D793FCA}.Release|Any CPU.ActiveCfg = Release|Any CPU
		{8431D2B2-5EBC-41E8-A885-D0C63D793FCA}.Release|Any CPU.Build.0 = Release|Any CPU
		{EB144A26-AE9D-4CA8-965D-00380B6FC18A}.Debug|Any CPU.ActiveCfg = Debug|Any CPU
		{EB144A26-AE9D-4CA8-965D-00380B6FC18A}.Debug|Any CPU.Build.0 = Debug|Any CPU
		{EB144A26-AE9D-4CA8-965D-00380B6FC18A}.Release|Any CPU.ActiveCfg = Release|Any CPU
		{EB144A26-AE9D-4CA8-965D-00380B6FC18A}.Release|Any CPU.Build.0 = Release|Any CPU
		{500027D3-58FC-4B10-ACB7-74C43BD84675}.Debug|Any CPU.ActiveCfg = Debug|Any CPU
		{500027D3-58FC-4B10-ACB7-74C43BD84675}.Debug|Any CPU.Build.0 = Debug|Any CPU
		{500027D3-58FC-4B10-ACB7-74C43BD84675}.Release|Any CPU.ActiveCfg = Release|Any CPU
		{500027D3-58FC-4B10-ACB7-74C43BD84675}.Release|Any CPU.Build.0 = Release|Any CPU
		{A5BD5C8C-CF06-4D0E-B270-F440AE776357}.Debug|Any CPU.ActiveCfg = Debug|Any CPU
		{A5BD5C8C-CF06-4D0E-B270-F440AE776357}.Debug|Any CPU.Build.0 = Debug|Any CPU
		{A5BD5C8C-CF06-4D0E-B270-F440AE776357}.Release|Any CPU.ActiveCfg = Release|Any CPU
		{A5BD5C8C-CF06-4D0E-B270-F440AE776357}.Release|Any CPU.Build.0 = Release|Any CPU
		{27D3394F-26B4-4515-AC38-AACC0AE2E9EB}.Debug|Any CPU.ActiveCfg = Debug|Any CPU
		{27D3394F-26B4-4515-AC38-AACC0AE2E9EB}.Debug|Any CPU.Build.0 = Debug|Any CPU
		{27D3394F-26B4-4515-AC38-AACC0AE2E9EB}.Release|Any CPU.ActiveCfg = Release|Any CPU
		{27D3394F-26B4-4515-AC38-AACC0AE2E9EB}.Release|Any CPU.Build.0 = Release|Any CPU
	EndGlobalSection
	GlobalSection(SolutionProperties) = preSolution
		HideSolutionNode = FALSE
	EndGlobalSection
	GlobalSection(ExtensibilityGlobals) = postSolution
		SolutionGuid = {A9681773-1022-4F45-8805-3529F042FB35}
	EndGlobalSection
EndGlobal
